
Microsoft Visual Studio Solution File, Format Version 12.00
# Visual Studio Version 16
VisualStudioVersion = 16.0.29911.84
MinimumVisualStudioVersion = 10.0.40219.1
Project("{FAE04EC0-301F-11D3-BF4B-00C04F79EFBC}") = "Infra.Data", "Infra.Data\Infra.Data.csproj", "{E725725F-6222-4771-9C09-9441FE4CFC60}"
EndProject
Project("{FAE04EC0-301F-11D3-BF4B-00C04F79EFBC}") = "Dominios", "Dominios\Dominios.csproj", "{11587AA0-0853-4AA2-8D6D-DB82F91F066F}"
EndProject
Project("{FAE04EC0-301F-11D3-BF4B-00C04F79EFBC}") = "Servicos", "Servicos\Servicos.csproj", "{51B2FDB4-9808-4007-816A-0F02D5515760}"
EndProject
Project("{FAE04EC0-301F-11D3-BF4B-00C04F79EFBC}") = "Teste.XUnit", "Teste.XUnit\Teste.XUnit.csproj", "{4ECD5A1D-18D2-4FE6-9018-5AA6E1E04C78}"
EndProject
Project("{FAE04EC0-301F-11D3-BF4B-00C04F79EFBC}") = "WebAPI", "WebAPI\WebAPI.csproj", "{BDEDD9DA-745A-4D2B-A35C-9CF217B7DB77}"
EndProject
Global
	GlobalSection(SolutionConfigurationPlatforms) = preSolution
		Debug|Any CPU = Debug|Any CPU
		Release|Any CPU = Release|Any CPU
	EndGlobalSection
	GlobalSection(ProjectConfigurationPlatforms) = postSolution
		{E725725F-6222-4771-9C09-9441FE4CFC60}.Debug|Any CPU.ActiveCfg = Debug|Any CPU
		{E725725F-6222-4771-9C09-9441FE4CFC60}.Debug|Any CPU.Build.0 = Debug|Any CPU
		{E725725F-6222-4771-9C09-9441FE4CFC60}.Release|Any CPU.ActiveCfg = Release|Any CPU
		{E725725F-6222-4771-9C09-9441FE4CFC60}.Release|Any CPU.Build.0 = Release|Any CPU
		{11587AA0-0853-4AA2-8D6D-DB82F91F066F}.Debug|Any CPU.ActiveCfg = Debug|Any CPU
		{11587AA0-0853-4AA2-8D6D-DB82F91F066F}.Debug|Any CPU.Build.0 = Debug|Any CPU
		{11587AA0-0853-4AA2-8D6D-DB82F91F066F}.Release|Any CPU.ActiveCfg = Release|Any CPU
		{11587AA0-0853-4AA2-8D6D-DB82F91F066F}.Release|Any CPU.Build.0 = Release|Any CPU
		{51B2FDB4-9808-4007-816A-0F02D5515760}.Debug|Any CPU.ActiveCfg = Debug|Any CPU
		{51B2FDB4-9808-4007-816A-0F02D5515760}.Debug|Any CPU.Build.0 = Debug|Any CPU
		{51B2FDB4-9808-4007-816A-0F02D5515760}.Release|Any CPU.ActiveCfg = Release|Any CPU
		{51B2FDB4-9808-4007-816A-0F02D5515760}.Release|Any CPU.Build.0 = Release|Any CPU
		{4ECD5A1D-18D2-4FE6-9018-5AA6E1E04C78}.Debug|Any CPU.ActiveCfg = Debug|Any CPU
		{4ECD5A1D-18D2-4FE6-9018-5AA6E1E04C78}.Debug|Any CPU.Build.0 = Debug|Any CPU
		{4ECD5A1D-18D2-4FE6-9018-5AA6E1E04C78}.Release|Any CPU.ActiveCfg = Release|Any CPU
		{4ECD5A1D-18D2-4FE6-9018-5AA6E1E04C78}.Release|Any CPU.Build.0 = Release|Any CPU
		{BDEDD9DA-745A-4D2B-A35C-9CF217B7DB77}.Debug|Any CPU.ActiveCfg = Debug|Any CPU
		{BDEDD9DA-745A-4D2B-A35C-9CF217B7DB77}.Debug|Any CPU.Build.0 = Debug|Any CPU
		{BDEDD9DA-745A-4D2B-A35C-9CF217B7DB77}.Release|Any CPU.ActiveCfg = Release|Any CPU
		{BDEDD9DA-745A-4D2B-A35C-9CF217B7DB77}.Release|Any CPU.Build.0 = Release|Any CPU
	EndGlobalSection
	GlobalSection(SolutionProperties) = preSolution
		HideSolutionNode = FALSE
	EndGlobalSection
	GlobalSection(ExtensibilityGlobals) = postSolution
		SolutionGuid = {301E8C16-398F-4030-A785-43FF7B3FAB59}
	EndGlobalSection
EndGlobal
